
Microsoft Visual Studio Solution File, Format Version 12.00
# Visual Studio 15
VisualStudioVersion = 15.0.27428.1
MinimumVisualStudioVersion = 10.0.40219.1
Project("{F184B08F-C81C-45F6-A57F-5ABD9991F28F}") = "scck_App", "scck_App\scck_App.vbproj", "{408B42E0-993F-4F4F-9460-83E9146B2D27}"
EndProject
Project("{2150E333-8FDC-42A3-9474-1A3956D46DE8}") = "scck_Com", "scck_Com", "{09B93CFB-4684-4036-809A-0C719A5312A7}"
EndProject
Project("{2150E333-8FDC-42A3-9474-1A3956D46DE8}") = "common", "common", "{06B9208C-410E-4306-AE0C-3A13E0B3F2D3}"
EndProject
Project("{F184B08F-C81C-45F6-A57F-5ABD9991F28F}") = "cns_Com", "scck_Com\common\cns_Com\cns_Com.vbproj", "{B2352CD9-179E-43D9-817C-19B3D4E44AD5}"
EndProject
Project("{F184B08F-C81C-45F6-A57F-5ABD9991F28F}") = "scck_Main", "scck_Main\scck_Main.vbproj", "{5BEFA576-CF5B-47F6-8B45-9A2F73B8E33E}"
EndProject
Project("{2150E333-8FDC-42A3-9474-1A3956D46DE8}") = "const", "const", "{7017A999-99D3-40D3-8954-B79241304D32}"
EndProject
Project("{F184B08F-C81C-45F6-A57F-5ABD9991F28F}") = "utl_Err", "Utl_ERR\utl_Err.vbproj", "{65DCD345-27EC-4F5C-9664-0C266DC4EA8D}"
EndProject
Project("{2150E333-8FDC-42A3-9474-1A3956D46DE8}") = "util", "util", "{9C506BB7-2602-4A58-9A84-B147B81A8444}"
EndProject
Project("{F184B08F-C81C-45F6-A57F-5ABD9991F28F}") = "utl_Rdb", "utl_Rdb\utl_Rdb.vbproj", "{70579562-E0A1-4B7A-8680-2201B48048DD}"
EndProject
Project("{F184B08F-C81C-45F6-A57F-5ABD9991F28F}") = "utl_Com", "scck_Com\common\utl_Com\utl_Com.vbproj", "{FC9C4B08-B474-45DB-A477-673229C2A4CF}"
EndProject
Global
	GlobalSection(SolutionConfigurationPlatforms) = preSolution
		Debug|Any CPU = Debug|Any CPU
		Release|Any CPU = Release|Any CPU
	EndGlobalSection
	GlobalSection(ProjectConfigurationPlatforms) = postSolution
		{408B42E0-993F-4F4F-9460-83E9146B2D27}.Debug|Any CPU.ActiveCfg = Debug|Any CPU
		{408B42E0-993F-4F4F-9460-83E9146B2D27}.Debug|Any CPU.Build.0 = Debug|Any CPU
		{408B42E0-993F-4F4F-9460-83E9146B2D27}.Release|Any CPU.ActiveCfg = Release|Any CPU
		{408B42E0-993F-4F4F-9460-83E9146B2D27}.Release|Any CPU.Build.0 = Release|Any CPU
		{B2352CD9-179E-43D9-817C-19B3D4E44AD5}.Debug|Any CPU.ActiveCfg = Debug|Any CPU
		{B2352CD9-179E-43D9-817C-19B3D4E44AD5}.Debug|Any CPU.Build.0 = Debug|Any CPU
		{B2352CD9-179E-43D9-817C-19B3D4E44AD5}.Release|Any CPU.ActiveCfg = Release|Any CPU
		{B2352CD9-179E-43D9-817C-19B3D4E44AD5}.Release|Any CPU.Build.0 = Release|Any CPU
		{5BEFA576-CF5B-47F6-8B45-9A2F73B8E33E}.Debug|Any CPU.ActiveCfg = Debug|Any CPU
		{5BEFA576-CF5B-47F6-8B45-9A2F73B8E33E}.Debug|Any CPU.Build.0 = Debug|Any CPU
		{5BEFA576-CF5B-47F6-8B45-9A2F73B8E33E}.Release|Any CPU.ActiveCfg = Release|Any CPU
		{5BEFA576-CF5B-47F6-8B45-9A2F73B8E33E}.Release|Any CPU.Build.0 = Release|Any CPU
		{65DCD345-27EC-4F5C-9664-0C266DC4EA8D}.Debug|Any CPU.ActiveCfg = Debug|Any CPU
		{65DCD345-27EC-4F5C-9664-0C266DC4EA8D}.Debug|Any CPU.Build.0 = Debug|Any CPU
		{65DCD345-27EC-4F5C-9664-0C266DC4EA8D}.Release|Any CPU.ActiveCfg = Release|Any CPU
		{65DCD345-27EC-4F5C-9664-0C266DC4EA8D}.Release|Any CPU.Build.0 = Release|Any CPU
		{70579562-E0A1-4B7A-8680-2201B48048DD}.Debug|Any CPU.ActiveCfg = Debug|Any CPU
		{70579562-E0A1-4B7A-8680-2201B48048DD}.Debug|Any CPU.Build.0 = Debug|Any CPU
		{70579562-E0A1-4B7A-8680-2201B48048DD}.Release|Any CPU.ActiveCfg = Release|Any CPU
		{70579562-E0A1-4B7A-8680-2201B48048DD}.Release|Any CPU.Build.0 = Release|Any CPU
		{FC9C4B08-B474-45DB-A477-673229C2A4CF}.Debug|Any CPU.ActiveCfg = Debug|Any CPU
		{FC9C4B08-B474-45DB-A477-673229C2A4CF}.Debug|Any CPU.Build.0 = Debug|Any CPU
		{FC9C4B08-B474-45DB-A477-673229C2A4CF}.Release|Any CPU.ActiveCfg = Release|Any CPU
		{FC9C4B08-B474-45DB-A477-673229C2A4CF}.Release|Any CPU.Build.0 = Release|Any CPU
	EndGlobalSection
	GlobalSection(SolutionProperties) = preSolution
		HideSolutionNode = FALSE
	EndGlobalSection
	GlobalSection(NestedProjects) = preSolution
		{06B9208C-410E-4306-AE0C-3A13E0B3F2D3} = {09B93CFB-4684-4036-809A-0C719A5312A7}
		{B2352CD9-179E-43D9-817C-19B3D4E44AD5} = {7017A999-99D3-40D3-8954-B79241304D32}
		{7017A999-99D3-40D3-8954-B79241304D32} = {06B9208C-410E-4306-AE0C-3A13E0B3F2D3}
		{65DCD345-27EC-4F5C-9664-0C266DC4EA8D} = {9C506BB7-2602-4A58-9A84-B147B81A8444}
		{9C506BB7-2602-4A58-9A84-B147B81A8444} = {06B9208C-410E-4306-AE0C-3A13E0B3F2D3}
		{70579562-E0A1-4B7A-8680-2201B48048DD} = {9C506BB7-2602-4A58-9A84-B147B81A8444}
		{FC9C4B08-B474-45DB-A477-673229C2A4CF} = {9C506BB7-2602-4A58-9A84-B147B81A8444}
	EndGlobalSection
	GlobalSection(ExtensibilityGlobals) = postSolution
		SolutionGuid = {6FEF65CE-FEB9-49B5-AAD7-0AE5B16BBA64}
	EndGlobalSection
EndGlobal
